
Microsoft Visual Studio Solution File, Format Version 12.00
# Visual Studio Version 16
VisualStudioVersion = 16.0.30711.63
MinimumVisualStudioVersion = 10.0.40219.1
Project("{9A19103F-16F7-4668-BE54-9A1E7A4F7556}") = "GradeBook", "GradeBook.csproj", "{2E83C1E9-B9A5-4EDD-B635-BF676457CD76}"
EndProject
Global
	GlobalSection(SolutionConfigurationPlatforms) = preSolution
		Debug|Any CPU = Debug|Any CPU
		Release|Any CPU = Release|Any CPU
	EndGlobalSection
	GlobalSection(ProjectConfigurationPlatforms) = postSolution
		{2E83C1E9-B9A5-4EDD-B635-BF676457CD76}.Debug|Any CPU.ActiveCfg = Debug|Any CPU
		{2E83C1E9-B9A5-4EDD-B635-BF676457CD76}.Debug|Any CPU.Build.0 = Debug|Any CPU
		{2E83C1E9-B9A5-4EDD-B635-BF676457CD76}.Release|Any CPU.ActiveCfg = Release|Any CPU
		{2E83C1E9-B9A5-4EDD-B635-BF676457CD76}.Release|Any CPU.Build.0 = Release|Any CPU
	EndGlobalSection
	GlobalSection(SolutionProperties) = preSolution
		HideSolutionNode = FALSE
	EndGlobalSection
	GlobalSection(ExtensibilityGlobals) = postSolution
		SolutionGuid = {AA9D652A-E27B-4A23-B7DE-B2D80AF54D25}
	EndGlobalSection
EndGlobal
